
Microsoft Visual Studio Solution File, Format Version 12.00
# Visual Studio Version 17
VisualStudioVersion = 17.10.34916.146
MinimumVisualStudioVersion = 10.0.40219.1
Project("{2150E333-8FDC-42A3-9474-1A3956D46DE8}") = "src", "src", "{ABAAB186-8AF8-4309-8FCC-5FA4982B7522}"
EndProject
Project("{FAE04EC0-301F-11D3-BF4B-00C04F79EFBC}") = "Application", "Application\Application.csproj", "{0607CC7D-F9EB-47AF-A659-0337DAAFBD06}"
EndProject
Project("{FAE04EC0-301F-11D3-BF4B-00C04F79EFBC}") = "Domain", "Domain\Domain.csproj", "{358A4140-B297-4320-BFF6-6477D6185A2C}"
EndProject
Project("{FAE04EC0-301F-11D3-BF4B-00C04F79EFBC}") = "Infrastructure", "Infrastructure\Infrastructure.csproj", "{C98AD74A-233F-4CA1-8687-95211C00E0C2}"
EndProject
Project("{FAE04EC0-301F-11D3-BF4B-00C04F79EFBC}") = "Web", "Web\Web.csproj", "{448DCCB3-A167-4BBF-A544-313114B06ABB}"
EndProject
Global
	GlobalSection(SolutionConfigurationPlatforms) = preSolution
		Debug|Any CPU = Debug|Any CPU
		Release|Any CPU = Release|Any CPU
	EndGlobalSection
	GlobalSection(ProjectConfigurationPlatforms) = postSolution
		{0607CC7D-F9EB-47AF-A659-0337DAAFBD06}.Debug|Any CPU.ActiveCfg = Debug|Any CPU
		{0607CC7D-F9EB-47AF-A659-0337DAAFBD06}.Debug|Any CPU.Build.0 = Debug|Any CPU
		{0607CC7D-F9EB-47AF-A659-0337DAAFBD06}.Release|Any CPU.ActiveCfg = Release|Any CPU
		{0607CC7D-F9EB-47AF-A659-0337DAAFBD06}.Release|Any CPU.Build.0 = Release|Any CPU
		{358A4140-B297-4320-BFF6-6477D6185A2C}.Debug|Any CPU.ActiveCfg = Debug|Any CPU
		{358A4140-B297-4320-BFF6-6477D6185A2C}.Debug|Any CPU.Build.0 = Debug|Any CPU
		{358A4140-B297-4320-BFF6-6477D6185A2C}.Release|Any CPU.ActiveCfg = Release|Any CPU
		{358A4140-B297-4320-BFF6-6477D6185A2C}.Release|Any CPU.Build.0 = Release|Any CPU
		{C98AD74A-233F-4CA1-8687-95211C00E0C2}.Debug|Any CPU.ActiveCfg = Debug|Any CPU
		{C98AD74A-233F-4CA1-8687-95211C00E0C2}.Debug|Any CPU.Build.0 = Debug|Any CPU
		{C98AD74A-233F-4CA1-8687-95211C00E0C2}.Release|Any CPU.ActiveCfg = Release|Any CPU
		{C98AD74A-233F-4CA1-8687-95211C00E0C2}.Release|Any CPU.Build.0 = Release|Any CPU
		{448DCCB3-A167-4BBF-A544-313114B06ABB}.Debug|Any CPU.ActiveCfg = Debug|Any CPU
		{448DCCB3-A167-4BBF-A544-313114B06ABB}.Debug|Any CPU.Build.0 = Debug|Any CPU
		{448DCCB3-A167-4BBF-A544-313114B06ABB}.Release|Any CPU.ActiveCfg = Release|Any CPU
		{448DCCB3-A167-4BBF-A544-313114B06ABB}.Release|Any CPU.Build.0 = Release|Any CPU
	EndGlobalSection
	GlobalSection(SolutionProperties) = preSolution
		HideSolutionNode = FALSE
	EndGlobalSection
	GlobalSection(NestedProjects) = preSolution
		{0607CC7D-F9EB-47AF-A659-0337DAAFBD06} = {ABAAB186-8AF8-4309-8FCC-5FA4982B7522}
		{358A4140-B297-4320-BFF6-6477D6185A2C} = {ABAAB186-8AF8-4309-8FCC-5FA4982B7522}
		{C98AD74A-233F-4CA1-8687-95211C00E0C2} = {ABAAB186-8AF8-4309-8FCC-5FA4982B7522}
		{448DCCB3-A167-4BBF-A544-313114B06ABB} = {ABAAB186-8AF8-4309-8FCC-5FA4982B7522}
	EndGlobalSection
	GlobalSection(ExtensibilityGlobals) = postSolution
		SolutionGuid = {056A8C32-8379-45A0-A811-8F62CF03FB74}
	EndGlobalSection
EndGlobal
